
Microsoft Visual Studio Solution File, Format Version 12.00
# Visual Studio Version 17
VisualStudioVersion = 17.14.36202.13 d17.14
MinimumVisualStudioVersion = 10.0.40219.1
Project("{FAE04EC0-301F-11D3-BF4B-00C04F79EFBC}") = "SudokuSolver", "SudokuSolver\SudokuSolver.csproj", "{61A12F84-B892-47F3-8D06-EAFC901CC0FC}"
EndProject
Global
	GlobalSection(SolutionConfigurationPlatforms) = preSolution
		Debug|Any CPU = Debug|Any CPU
		Release|Any CPU = Release|Any CPU
	EndGlobalSection
	GlobalSection(ProjectConfigurationPlatforms) = postSolution
		{61A12F84-B892-47F3-8D06-EAFC901CC0FC}.Debug|Any CPU.ActiveCfg = Debug|Any CPU
		{61A12F84-B892-47F3-8D06-EAFC901CC0FC}.Debug|Any CPU.Build.0 = Debug|Any CPU
		{61A12F84-B892-47F3-8D06-EAFC901CC0FC}.Release|Any CPU.ActiveCfg = Release|Any CPU
		{61A12F84-B892-47F3-8D06-EAFC901CC0FC}.Release|Any CPU.Build.0 = Release|Any CPU
	EndGlobalSection
	GlobalSection(SolutionProperties) = preSolution
		HideSolutionNode = FALSE
	EndGlobalSection
	GlobalSection(ExtensibilityGlobals) = postSolution
		SolutionGuid = {742347AD-A86F-4230-83A4-6DA10C5743DC}
	EndGlobalSection
EndGlobal
